
Microsoft Visual Studio Solution File, Format Version 12.00
# Visual Studio 15
VisualStudioVersion = 15.0.27130.2036
MinimumVisualStudioVersion = 10.0.40219.1
Project("{FAE04EC0-301F-11D3-BF4B-00C04F79EFBC}") = "SortingApp", "SortingApp\SortingApp.csproj", "{1EDE1F05-0D94-4AE1-83B0-B84471D31BDB}"
EndProject
Global
	GlobalSection(SolutionConfigurationPlatforms) = preSolution
		Debug|Any CPU = Debug|Any CPU
		Release|Any CPU = Release|Any CPU
	EndGlobalSection
	GlobalSection(ProjectConfigurationPlatforms) = postSolution
		{1EDE1F05-0D94-4AE1-83B0-B84471D31BDB}.Debug|Any CPU.ActiveCfg = Debug|Any CPU
		{1EDE1F05-0D94-4AE1-83B0-B84471D31BDB}.Debug|Any CPU.Build.0 = Debug|Any CPU
		{1EDE1F05-0D94-4AE1-83B0-B84471D31BDB}.Release|Any CPU.ActiveCfg = Release|Any CPU
		{1EDE1F05-0D94-4AE1-83B0-B84471D31BDB}.Release|Any CPU.Build.0 = Release|Any CPU
	EndGlobalSection
	GlobalSection(SolutionProperties) = preSolution
		HideSolutionNode = FALSE
	EndGlobalSection
	GlobalSection(ExtensibilityGlobals) = postSolution
		SolutionGuid = {0C82BBEB-50FB-4D36-A666-1D2269A05C80}
	EndGlobalSection
EndGlobal
